
Microsoft Visual Studio Solution File, Format Version 12.00
# Visual Studio Version 17
VisualStudioVersion = 17.0.31903.59
MinimumVisualStudioVersion = 10.0.40219.1
Project("{FAE04EC0-301F-11D3-BF4B-00C04F79EFBC}") = "Cutomer Support Desk", "Cutomer Support Desk\Cutomer Support Desk.csproj", "{D728006E-5437-4EBA-A6A4-42FA29A6F650}"
EndProject
Global
	GlobalSection(SolutionConfigurationPlatforms) = preSolution
		Debug|Any CPU = Debug|Any CPU
		Release|Any CPU = Release|Any CPU
	EndGlobalSection
	GlobalSection(ProjectConfigurationPlatforms) = postSolution
		{D728006E-5437-4EBA-A6A4-42FA29A6F650}.Debug|Any CPU.ActiveCfg = Debug|Any CPU
		{D728006E-5437-4EBA-A6A4-42FA29A6F650}.Debug|Any CPU.Build.0 = Debug|Any CPU
		{D728006E-5437-4EBA-A6A4-42FA29A6F650}.Release|Any CPU.ActiveCfg = Release|Any CPU
		{D728006E-5437-4EBA-A6A4-42FA29A6F650}.Release|Any CPU.Build.0 = Release|Any CPU
	EndGlobalSection
	GlobalSection(SolutionProperties) = preSolution
		HideSolutionNode = FALSE
	EndGlobalSection
	GlobalSection(ExtensibilityGlobals) = postSolution
		SolutionGuid = {94A15677-0056-4A1B-9C31-BF6DF83C69BB}
	EndGlobalSection
EndGlobal
